
Microsoft Visual Studio Solution File, Format Version 12.00
# Visual Studio 15
VisualStudioVersion = 15.0.28010.2048
MinimumVisualStudioVersion = 10.0.40219.1
Project("{FAE04EC0-301F-11D3-BF4B-00C04F79EFBC}") = "NGU Idle Master", "NGU Idle Master 2\NGU Idle Master.csproj", "{A8819A62-A076-4BEC-AEE8-38BA37DE201F}"
EndProject
Project("{FAE04EC0-301F-11D3-BF4B-00C04F79EFBC}") = "NGU Idle Master Console", "NGU Idle Master Console\NGU Idle Master Console.csproj", "{06933597-4166-4C74-9A6C-099DD483BD8F}"
EndProject
Global
	GlobalSection(SolutionConfigurationPlatforms) = preSolution
		Debug|Any CPU = Debug|Any CPU
		Release|Any CPU = Release|Any CPU
	EndGlobalSection
	GlobalSection(ProjectConfigurationPlatforms) = postSolution
		{A8819A62-A076-4BEC-AEE8-38BA37DE201F}.Debug|Any CPU.ActiveCfg = Debug|Any CPU
		{A8819A62-A076-4BEC-AEE8-38BA37DE201F}.Debug|Any CPU.Build.0 = Debug|Any CPU
		{A8819A62-A076-4BEC-AEE8-38BA37DE201F}.Release|Any CPU.ActiveCfg = Release|Any CPU
		{A8819A62-A076-4BEC-AEE8-38BA37DE201F}.Release|Any CPU.Build.0 = Release|Any CPU
		{06933597-4166-4C74-9A6C-099DD483BD8F}.Debug|Any CPU.ActiveCfg = Debug|Any CPU
		{06933597-4166-4C74-9A6C-099DD483BD8F}.Debug|Any CPU.Build.0 = Debug|Any CPU
		{06933597-4166-4C74-9A6C-099DD483BD8F}.Release|Any CPU.ActiveCfg = Release|Any CPU
		{06933597-4166-4C74-9A6C-099DD483BD8F}.Release|Any CPU.Build.0 = Release|Any CPU
	EndGlobalSection
	GlobalSection(SolutionProperties) = preSolution
		HideSolutionNode = FALSE
	EndGlobalSection
	GlobalSection(ExtensibilityGlobals) = postSolution
		SolutionGuid = {8F185702-ED13-4728-800E-2570B2A4A343}
	EndGlobalSection
EndGlobal
